
Microsoft Visual Studio Solution File, Format Version 12.00
# Visual Studio Version 16
VisualStudioVersion = 16.0.31105.61
MinimumVisualStudioVersion = 10.0.40219.1
Project("{9A19103F-16F7-4668-BE54-9A1E7A4F7556}") = "OSS.Abstractions", "OSS.Abstractions\OSS.Abstractions.csproj", "{BFB24113-ADB9-48F6-8AFE-E41AECEBDF17}"
EndProject
Project("{9A19103F-16F7-4668-BE54-9A1E7A4F7556}") = "OSS.Aliyun", "OSS.Aliyun\OSS.Aliyun.csproj", "{93DABCFE-E887-40EE-9737-23D7FEEEF8AD}"
EndProject
Project("{9A19103F-16F7-4668-BE54-9A1E7A4F7556}") = "OSS.Integration", "OSS.Integration\OSS.Integration.csproj", "{09202243-EFD6-442C-B011-14F1CBF7A64E}"
EndProject
Project("{9A19103F-16F7-4668-BE54-9A1E7A4F7556}") = "OSS.Local", "OSS.Local\OSS.Local.csproj", "{F61DCCBA-C8A0-406B-8E8F-FA3037C6A152}"
EndProject
Project("{9A19103F-16F7-4668-BE54-9A1E7A4F7556}") = "Config.Abstractions", "Config.Abstractions\Config.Abstractions.csproj", "{542DE5C3-616A-4701-8DD5-EB105133806B}"
EndProject
Project("{9A19103F-16F7-4668-BE54-9A1E7A4F7556}") = "Utils.Core", "Utils.Core\Utils.Core.csproj", "{2C66106F-CA1C-4334-968D-3BC0DF9750B8}"
EndProject
Project("{9A19103F-16F7-4668-BE54-9A1E7A4F7556}") = "Utils.Mvc", "Utils.Mvc\Utils.Mvc.csproj", "{184E35FE-7BC8-4E7F-B46D-AE3B2A4ABFE2}"
EndProject
Project("{9A19103F-16F7-4668-BE54-9A1E7A4F7556}") = "Host.Web", "Host.Web\Host.Web.csproj", "{55DF7EA1-8809-476C-A9C2-C31A936710C0}"
EndProject
Project("{9A19103F-16F7-4668-BE54-9A1E7A4F7556}") = "WebOSS", "WebOSS\WebOSS.csproj", "{96A7310D-ECF2-4830-856A-ECAC72877543}"
EndProject
Project("{9A19103F-16F7-4668-BE54-9A1E7A4F7556}") = "Config.Core", "Config.Core\Config.Core.csproj", "{D5D8C81C-75E3-41A9-B847-4995E7FDD65F}"
EndProject
Project("{9A19103F-16F7-4668-BE54-9A1E7A4F7556}") = "Cache.Abstractions", "Cache.Abstractions\Cache.Abstractions.csproj", "{344CC52E-70CA-4005-9AC7-629C8FC2B241}"
EndProject
Project("{9A19103F-16F7-4668-BE54-9A1E7A4F7556}") = "Cache.Integration", "Cache.Integration\Cache.Integration.csproj", "{7771AC2B-57F5-443A-A08C-CD2359FC7D52}"
EndProject
Project("{9A19103F-16F7-4668-BE54-9A1E7A4F7556}") = "Cache.MemoryCache", "Cache.MemoryCache\Cache.MemoryCache.csproj", "{E0C23F9A-22A4-4521-B109-9740BBA43997}"
EndProject
Project("{9A19103F-16F7-4668-BE54-9A1E7A4F7556}") = "Cache.Redis", "Cache.Redis\Cache.Redis.csproj", "{C296E76B-FE07-4C1D-A148-AD16EF9F4FC3}"
EndProject
Project("{2150E333-8FDC-42A3-9474-1A3956D46DE8}") = "src", "src", "{4FA3AF6F-A647-4088-A0CC-2E8BA67F2EE3}"
EndProject
Project("{2150E333-8FDC-42A3-9474-1A3956D46DE8}") = "test", "test", "{ED866CA8-B34A-4B1D-A93A-AC76BC9F2B1B}"
EndProject
Project("{2150E333-8FDC-42A3-9474-1A3956D46DE8}") = "Cache", "Cache", "{CEA42187-2B7C-4753-8617-62508C678B6B}"
EndProject
Project("{2150E333-8FDC-42A3-9474-1A3956D46DE8}") = "OSS", "OSS", "{D81BB1AE-567C-4570-9FD9-2E7F613A6670}"
EndProject
Project("{2150E333-8FDC-42A3-9474-1A3956D46DE8}") = "Utils", "Utils", "{F26D5114-1F14-4689-8819-DA2384DCFF8C}"
EndProject
Project("{2150E333-8FDC-42A3-9474-1A3956D46DE8}") = "Config", "Config", "{C0F21008-C958-4B96-965C-D0B605A0D363}"
EndProject
Project("{2150E333-8FDC-42A3-9474-1A3956D46DE8}") = "Sign", "Sign", "{020A5798-3BDD-4A5A-BE35-63AAD1A3826E}"
EndProject
Project("{FAE04EC0-301F-11D3-BF4B-00C04F79EFBC}") = "DigitalSignature.Abstractions", "DigitalSignature.Abstractions\DigitalSignature.Abstractions.csproj", "{18C81D61-0639-4B19-9975-EE613E230A1E}"
EndProject
Project("{FAE04EC0-301F-11D3-BF4B-00C04F79EFBC}") = "DigitalSignature.Integration", "DigitalSignature.Integration\DigitalSignature.Integration.csproj", "{91753E1C-7857-4B6D-9D89-19065ABE98F1}"
EndProject
Project("{FAE04EC0-301F-11D3-BF4B-00C04F79EFBC}") = "DigitalSignature", "DigitalSignature\DigitalSignature.csproj", "{23EA0CE6-B07C-4C7F-BEFD-747F12132B5B}"
EndProject
Global
	GlobalSection(SolutionConfigurationPlatforms) = preSolution
		Debug|Any CPU = Debug|Any CPU
		Release|Any CPU = Release|Any CPU
	EndGlobalSection
	GlobalSection(ProjectConfigurationPlatforms) = postSolution
		{BFB24113-ADB9-48F6-8AFE-E41AECEBDF17}.Debug|Any CPU.ActiveCfg = Debug|Any CPU
		{BFB24113-ADB9-48F6-8AFE-E41AECEBDF17}.Debug|Any CPU.Build.0 = Debug|Any CPU
		{BFB24113-ADB9-48F6-8AFE-E41AECEBDF17}.Release|Any CPU.ActiveCfg = Release|Any CPU
		{BFB24113-ADB9-48F6-8AFE-E41AECEBDF17}.Release|Any CPU.Build.0 = Release|Any CPU
		{93DABCFE-E887-40EE-9737-23D7FEEEF8AD}.Debug|Any CPU.ActiveCfg = Debug|Any CPU
		{93DABCFE-E887-40EE-9737-23D7FEEEF8AD}.Debug|Any CPU.Build.0 = Debug|Any CPU
		{93DABCFE-E887-40EE-9737-23D7FEEEF8AD}.Release|Any CPU.ActiveCfg = Release|Any CPU
		{93DABCFE-E887-40EE-9737-23D7FEEEF8AD}.Release|Any CPU.Build.0 = Release|Any CPU
		{09202243-EFD6-442C-B011-14F1CBF7A64E}.Debug|Any CPU.ActiveCfg = Debug|Any CPU
		{09202243-EFD6-442C-B011-14F1CBF7A64E}.Debug|Any CPU.Build.0 = Debug|Any CPU
		{09202243-EFD6-442C-B011-14F1CBF7A64E}.Release|Any CPU.ActiveCfg = Release|Any CPU
		{09202243-EFD6-442C-B011-14F1CBF7A64E}.Release|Any CPU.Build.0 = Release|Any CPU
		{F61DCCBA-C8A0-406B-8E8F-FA3037C6A152}.Debug|Any CPU.ActiveCfg = Debug|Any CPU
		{F61DCCBA-C8A0-406B-8E8F-FA3037C6A152}.Debug|Any CPU.Build.0 = Debug|Any CPU
		{F61DCCBA-C8A0-406B-8E8F-FA3037C6A152}.Release|Any CPU.ActiveCfg = Release|Any CPU
		{F61DCCBA-C8A0-406B-8E8F-FA3037C6A152}.Release|Any CPU.Build.0 = Release|Any CPU
		{542DE5C3-616A-4701-8DD5-EB105133806B}.Debug|Any CPU.ActiveCfg = Debug|Any CPU
		{542DE5C3-616A-4701-8DD5-EB105133806B}.Debug|Any CPU.Build.0 = Debug|Any CPU
		{542DE5C3-616A-4701-8DD5-EB105133806B}.Release|Any CPU.ActiveCfg = Release|Any CPU
		{542DE5C3-616A-4701-8DD5-EB105133806B}.Release|Any CPU.Build.0 = Release|Any CPU
		{2C66106F-CA1C-4334-968D-3BC0DF9750B8}.Debug|Any CPU.ActiveCfg = Debug|Any CPU
		{2C66106F-CA1C-4334-968D-3BC0DF9750B8}.Debug|Any CPU.Build.0 = Debug|Any CPU
		{2C66106F-CA1C-4334-968D-3BC0DF9750B8}.Release|Any CPU.ActiveCfg = Release|Any CPU
		{2C66106F-CA1C-4334-968D-3BC0DF9750B8}.Release|Any CPU.Build.0 = Release|Any CPU
		{184E35FE-7BC8-4E7F-B46D-AE3B2A4ABFE2}.Debug|Any CPU.ActiveCfg = Debug|Any CPU
		{184E35FE-7BC8-4E7F-B46D-AE3B2A4ABFE2}.Debug|Any CPU.Build.0 = Debug|Any CPU
		{184E35FE-7BC8-4E7F-B46D-AE3B2A4ABFE2}.Release|Any CPU.ActiveCfg = Release|Any CPU
		{184E35FE-7BC8-4E7F-B46D-AE3B2A4ABFE2}.Release|Any CPU.Build.0 = Release|Any CPU
		{55DF7EA1-8809-476C-A9C2-C31A936710C0}.Debug|Any CPU.ActiveCfg = Debug|Any CPU
		{55DF7EA1-8809-476C-A9C2-C31A936710C0}.Debug|Any CPU.Build.0 = Debug|Any CPU
		{55DF7EA1-8809-476C-A9C2-C31A936710C0}.Release|Any CPU.ActiveCfg = Release|Any CPU
		{55DF7EA1-8809-476C-A9C2-C31A936710C0}.Release|Any CPU.Build.0 = Release|Any CPU
		{96A7310D-ECF2-4830-856A-ECAC72877543}.Debug|Any CPU.ActiveCfg = Debug|Any CPU
		{96A7310D-ECF2-4830-856A-ECAC72877543}.Debug|Any CPU.Build.0 = Debug|Any CPU
		{96A7310D-ECF2-4830-856A-ECAC72877543}.Release|Any CPU.ActiveCfg = Release|Any CPU
		{96A7310D-ECF2-4830-856A-ECAC72877543}.Release|Any CPU.Build.0 = Release|Any CPU
		{D5D8C81C-75E3-41A9-B847-4995E7FDD65F}.Debug|Any CPU.ActiveCfg = Debug|Any CPU
		{D5D8C81C-75E3-41A9-B847-4995E7FDD65F}.Debug|Any CPU.Build.0 = Debug|Any CPU
		{D5D8C81C-75E3-41A9-B847-4995E7FDD65F}.Release|Any CPU.ActiveCfg = Release|Any CPU
		{D5D8C81C-75E3-41A9-B847-4995E7FDD65F}.Release|Any CPU.Build.0 = Release|Any CPU
		{344CC52E-70CA-4005-9AC7-629C8FC2B241}.Debug|Any CPU.ActiveCfg = Debug|Any CPU
		{344CC52E-70CA-4005-9AC7-629C8FC2B241}.Debug|Any CPU.Build.0 = Debug|Any CPU
		{344CC52E-70CA-4005-9AC7-629C8FC2B241}.Release|Any CPU.ActiveCfg = Release|Any CPU
		{344CC52E-70CA-4005-9AC7-629C8FC2B241}.Release|Any CPU.Build.0 = Release|Any CPU
		{7771AC2B-57F5-443A-A08C-CD2359FC7D52}.Debug|Any CPU.ActiveCfg = Debug|Any CPU
		{7771AC2B-57F5-443A-A08C-CD2359FC7D52}.Debug|Any CPU.Build.0 = Debug|Any CPU
		{7771AC2B-57F5-443A-A08C-CD2359FC7D52}.Release|Any CPU.ActiveCfg = Release|Any CPU
		{7771AC2B-57F5-443A-A08C-CD2359FC7D52}.Release|Any CPU.Build.0 = Release|Any CPU
		{E0C23F9A-22A4-4521-B109-9740BBA43997}.Debug|Any CPU.ActiveCfg = Debug|Any CPU
		{E0C23F9A-22A4-4521-B109-9740BBA43997}.Debug|Any CPU.Build.0 = Debug|Any CPU
		{E0C23F9A-22A4-4521-B109-9740BBA43997}.Release|Any CPU.ActiveCfg = Release|Any CPU
		{E0C23F9A-22A4-4521-B109-9740BBA43997}.Release|Any CPU.Build.0 = Release|Any CPU
		{C296E76B-FE07-4C1D-A148-AD16EF9F4FC3}.Debug|Any CPU.ActiveCfg = Debug|Any CPU
		{C296E76B-FE07-4C1D-A148-AD16EF9F4FC3}.Debug|Any CPU.Build.0 = Debug|Any CPU
		{C296E76B-FE07-4C1D-A148-AD16EF9F4FC3}.Release|Any CPU.ActiveCfg = Release|Any CPU
		{C296E76B-FE07-4C1D-A148-AD16EF9F4FC3}.Release|Any CPU.Build.0 = Release|Any CPU
		{18C81D61-0639-4B19-9975-EE613E230A1E}.Debug|Any CPU.ActiveCfg = Debug|Any CPU
		{18C81D61-0639-4B19-9975-EE613E230A1E}.Debug|Any CPU.Build.0 = Debug|Any CPU
		{18C81D61-0639-4B19-9975-EE613E230A1E}.Release|Any CPU.ActiveCfg = Release|Any CPU
		{18C81D61-0639-4B19-9975-EE613E230A1E}.Release|Any CPU.Build.0 = Release|Any CPU
		{91753E1C-7857-4B6D-9D89-19065ABE98F1}.Debug|Any CPU.ActiveCfg = Debug|Any CPU
		{91753E1C-7857-4B6D-9D89-19065ABE98F1}.Debug|Any CPU.Build.0 = Debug|Any CPU
		{91753E1C-7857-4B6D-9D89-19065ABE98F1}.Release|Any CPU.ActiveCfg = Release|Any CPU
		{91753E1C-7857-4B6D-9D89-19065ABE98F1}.Release|Any CPU.Build.0 = Release|Any CPU
		{23EA0CE6-B07C-4C7F-BEFD-747F12132B5B}.Debug|Any CPU.ActiveCfg = Debug|Any CPU
		{23EA0CE6-B07C-4C7F-BEFD-747F12132B5B}.Debug|Any CPU.Build.0 = Debug|Any CPU
		{23EA0CE6-B07C-4C7F-BEFD-747F12132B5B}.Release|Any CPU.ActiveCfg = Release|Any CPU
		{23EA0CE6-B07C-4C7F-BEFD-747F12132B5B}.Release|Any CPU.Build.0 = Release|Any CPU
	EndGlobalSection
	GlobalSection(SolutionProperties) = preSolution
		HideSolutionNode = FALSE
	EndGlobalSection
	GlobalSection(NestedProjects) = preSolution
		{BFB24113-ADB9-48F6-8AFE-E41AECEBDF17} = {D81BB1AE-567C-4570-9FD9-2E7F613A6670}
		{93DABCFE-E887-40EE-9737-23D7FEEEF8AD} = {D81BB1AE-567C-4570-9FD9-2E7F613A6670}
		{09202243-EFD6-442C-B011-14F1CBF7A64E} = {D81BB1AE-567C-4570-9FD9-2E7F613A6670}
		{F61DCCBA-C8A0-406B-8E8F-FA3037C6A152} = {D81BB1AE-567C-4570-9FD9-2E7F613A6670}
		{542DE5C3-616A-4701-8DD5-EB105133806B} = {C0F21008-C958-4B96-965C-D0B605A0D363}
		{2C66106F-CA1C-4334-968D-3BC0DF9750B8} = {F26D5114-1F14-4689-8819-DA2384DCFF8C}
		{184E35FE-7BC8-4E7F-B46D-AE3B2A4ABFE2} = {F26D5114-1F14-4689-8819-DA2384DCFF8C}
		{55DF7EA1-8809-476C-A9C2-C31A936710C0} = {4FA3AF6F-A647-4088-A0CC-2E8BA67F2EE3}
		{96A7310D-ECF2-4830-856A-ECAC72877543} = {4FA3AF6F-A647-4088-A0CC-2E8BA67F2EE3}
		{D5D8C81C-75E3-41A9-B847-4995E7FDD65F} = {C0F21008-C958-4B96-965C-D0B605A0D363}
		{344CC52E-70CA-4005-9AC7-629C8FC2B241} = {CEA42187-2B7C-4753-8617-62508C678B6B}
		{7771AC2B-57F5-443A-A08C-CD2359FC7D52} = {CEA42187-2B7C-4753-8617-62508C678B6B}
		{E0C23F9A-22A4-4521-B109-9740BBA43997} = {CEA42187-2B7C-4753-8617-62508C678B6B}
		{C296E76B-FE07-4C1D-A148-AD16EF9F4FC3} = {CEA42187-2B7C-4753-8617-62508C678B6B}
		{CEA42187-2B7C-4753-8617-62508C678B6B} = {4FA3AF6F-A647-4088-A0CC-2E8BA67F2EE3}
		{D81BB1AE-567C-4570-9FD9-2E7F613A6670} = {4FA3AF6F-A647-4088-A0CC-2E8BA67F2EE3}
		{F26D5114-1F14-4689-8819-DA2384DCFF8C} = {4FA3AF6F-A647-4088-A0CC-2E8BA67F2EE3}
		{C0F21008-C958-4B96-965C-D0B605A0D363} = {4FA3AF6F-A647-4088-A0CC-2E8BA67F2EE3}
		{020A5798-3BDD-4A5A-BE35-63AAD1A3826E} = {4FA3AF6F-A647-4088-A0CC-2E8BA67F2EE3}
		{18C81D61-0639-4B19-9975-EE613E230A1E} = {020A5798-3BDD-4A5A-BE35-63AAD1A3826E}
		{91753E1C-7857-4B6D-9D89-19065ABE98F1} = {020A5798-3BDD-4A5A-BE35-63AAD1A3826E}
		{23EA0CE6-B07C-4C7F-BEFD-747F12132B5B} = {020A5798-3BDD-4A5A-BE35-63AAD1A3826E}
	EndGlobalSection
	GlobalSection(ExtensibilityGlobals) = postSolution
		SolutionGuid = {A453C25D-547A-402A-8FC2-76E6C8B7915B}
	EndGlobalSection
EndGlobal
